
Microsoft Visual Studio Solution File, Format Version 12.00
# Visual Studio 14
VisualStudioVersion = 14.0.23107.0
MinimumVisualStudioVersion = 10.0.40219.1
Project("{FAE04EC0-301F-11D3-BF4B-00C04F79EFBC}") = "Ananke", "Ananke\Ananke.csproj", "{95175D34-6EEA-4537-B8F2-06A97FCD9E78}"
EndProject
Project("{FAE04EC0-301F-11D3-BF4B-00C04F79EFBC}") = "CoreModule", "CoreModule\CoreModule.csproj", "{BB75DBCA-D6BE-4599-B9CB-B6A4894906BC}"
EndProject
Project("{FAE04EC0-301F-11D3-BF4B-00C04F79EFBC}") = "Spindle", "Spindle\Spindle.csproj", "{0D3C727D-F694-44D2-AFA5-9D9EA747A76B}"
EndProject
Global
	GlobalSection(SolutionConfigurationPlatforms) = preSolution
		Debug|Any CPU = Debug|Any CPU
		Release|Any CPU = Release|Any CPU
	EndGlobalSection
	GlobalSection(ProjectConfigurationPlatforms) = postSolution
		{95175D34-6EEA-4537-B8F2-06A97FCD9E78}.Debug|Any CPU.ActiveCfg = Debug|Any CPU
		{95175D34-6EEA-4537-B8F2-06A97FCD9E78}.Debug|Any CPU.Build.0 = Debug|Any CPU
		{95175D34-6EEA-4537-B8F2-06A97FCD9E78}.Release|Any CPU.ActiveCfg = Release|Any CPU
		{95175D34-6EEA-4537-B8F2-06A97FCD9E78}.Release|Any CPU.Build.0 = Release|Any CPU
		{BB75DBCA-D6BE-4599-B9CB-B6A4894906BC}.Debug|Any CPU.ActiveCfg = Debug|Any CPU
		{BB75DBCA-D6BE-4599-B9CB-B6A4894906BC}.Debug|Any CPU.Build.0 = Debug|Any CPU
		{BB75DBCA-D6BE-4599-B9CB-B6A4894906BC}.Release|Any CPU.ActiveCfg = Release|Any CPU
		{BB75DBCA-D6BE-4599-B9CB-B6A4894906BC}.Release|Any CPU.Build.0 = Release|Any CPU
		{0D3C727D-F694-44D2-AFA5-9D9EA747A76B}.Debug|Any CPU.ActiveCfg = Debug|Any CPU
		{0D3C727D-F694-44D2-AFA5-9D9EA747A76B}.Debug|Any CPU.Build.0 = Debug|Any CPU
		{0D3C727D-F694-44D2-AFA5-9D9EA747A76B}.Release|Any CPU.ActiveCfg = Release|Any CPU
		{0D3C727D-F694-44D2-AFA5-9D9EA747A76B}.Release|Any CPU.Build.0 = Release|Any CPU
	EndGlobalSection
	GlobalSection(SolutionProperties) = preSolution
		HideSolutionNode = FALSE
	EndGlobalSection
EndGlobal
